// !$*UTF8*$!
{
	archiveVersion = 1;
	classes = {
	};
	objectVersion = 46;
	objects = {

/* Begin PBXBuildFile section */
		551F19891E2C63CB00025E78 /* AppDelegate.swift in Sources */ = {isa = PBXBuildFile; fileRef = 551F19881E2C63CB00025E78 /* AppDelegate.swift */; };
		551F198E1E2C63CB00025E78 /* Main.storyboard in Resources */ = {isa = PBXBuildFile; fileRef = 551F198C1E2C63CB00025E78 /* Main.storyboard */; };
		551F19901E2C63CB00025E78 /* Assets.xcassets in Resources */ = {isa = PBXBuildFile; fileRef = 551F198F1E2C63CB00025E78 /* Assets.xcassets */; };
		551F19931E2C63CB00025E78 /* LaunchScreen.storyboard in Resources */ = {isa = PBXBuildFile; fileRef = 551F19911E2C63CB00025E78 /* LaunchScreen.storyboard */; };
		551F199B1E2C64C700025E78 /* MovieTableViewController.swift in Sources */ = {isa = PBXBuildFile; fileRef = 551F199A1E2C64C700025E78 /* MovieTableViewController.swift */; };
		551F199D1E2C653D00025E78 /* Movie.swift in Sources */ = {isa = PBXBuildFile; fileRef = 551F199C1E2C653D00025E78 /* Movie.swift */; };
		551F199F1E2CA84800025E78 /* MovieCollectionViewController.swift in Sources */ = {isa = PBXBuildFile; fileRef = 551F199E1E2CA84800025E78 /* MovieCollectionViewController.swift */; };
		551F19A11E2CA86C00025E78 /* MovieCollectionViewCell.swift in Sources */ = {isa = PBXBuildFile; fileRef = 551F19A01E2CA86C00025E78 /* MovieCollectionViewCell.swift */; };
		551F19C31E2DBF1200025E78 /* MoviePresentationController.swift in Sources */ = {isa = PBXBuildFile; fileRef = 551F19C21E2DBF1200025E78 /* MoviePresentationController.swift */; };
		551F19C61E2DCA9000025E78 /* MovieTransitioner.swift in Sources */ = {isa = PBXBuildFile; fileRef = 551F19C51E2DCA9000025E78 /* MovieTransitioner.swift */; };
		551F19C81E2DE27000025E78 /* OverlayViewController.swift in Sources */ = {isa = PBXBuildFile; fileRef = 551F19C71E2DE27000025E78 /* OverlayViewController.swift */; };
/* End PBXBuildFile section */

/* Begin PBXFileReference section */
		551F19851E2C63CB00025E78 /* MovieSelector.app */ = {isa = PBXFileReference; explicitFileType = wrapper.application; includeInIndex = 0; path = MovieSelector.app; sourceTree = BUILT_PRODUCTS_DIR; };
		551F19881E2C63CB00025E78 /* AppDelegate.swift */ = {isa = PBXFileReference; lastKnownFileType = sourcecode.swift; path = AppDelegate.swift; sourceTree = "<group>"; };
		551F198D1E2C63CB00025E78 /* Base */ = {isa = PBXFileReference; lastKnownFileType = file.storyboard; name = Base; path = Base.lproj/Main.storyboard; sourceTree = "<group>"; };
		551F198F1E2C63CB00025E78 /* Assets.xcassets */ = {isa = PBXFileReference; lastKnownFileType = folder.assetcatalog; path = Assets.xcassets; sourceTree = "<group>"; };
		551F19921E2C63CB00025E78 /* Base */ = {isa = PBXFileReference; lastKnownFileType = file.storyboard; name = Base; path = Base.lproj/LaunchScreen.storyboard; sourceTree = "<group>"; };
		551F19941E2C63CB00025E78 /* Info.plist */ = {isa = PBXFileReference; lastKnownFileType = text.plist.xml; path = Info.plist; sourceTree = "<group>"; };
		551F199A1E2C64C700025E78 /* MovieTableViewController.swift */ = {isa = PBXFileReference; fileEncoding = 4; lastKnownFileType = sourcecode.swift; path = MovieTableViewController.swift; sourceTree = "<group>"; };
		551F199C1E2C653D00025E78 /* Movie.swift */ = {isa = PBXFileReference; fileEncoding = 4; lastKnownFileType = sourcecode.swift; path = Movie.swift; sourceTree = "<group>"; };
		551F199E1E2CA84800025E78 /* MovieCollectionViewController.swift */ = {isa = PBXFileReference; fileEncoding = 4; lastKnownFileType = sourcecode.swift; path = MovieCollectionViewController.swift; sourceTree = "<group>"; };
		551F19A01E2CA86C00025E78 /* MovieCollectionViewCell.swift */ = {isa = PBXFileReference; fileEncoding = 4; lastKnownFileType = sourcecode.swift; path = MovieCollectionViewCell.swift; sourceTree = "<group>"; };
		551F19C21E2DBF1200025E78 /* MoviePresentationController.swift */ = {isa = PBXFileReference; fileEncoding = 4; lastKnownFileType = sourcecode.swift; path = MoviePresentationController.swift; sourceTree = "<group>"; };
		551F19C51E2DCA9000025E78 /* MovieTransitioner.swift */ = {isa = PBXFileReference; fileEncoding = 4; lastKnownFileType = sourcecode.swift; path = MovieTransitioner.swift; sourceTree = "<group>"; };
		551F19C71E2DE27000025E78 /* OverlayViewController.swift */ = {isa = PBXFileReference; fileEncoding = 4; lastKnownFileType = sourcecode.swift; path = OverlayViewController.swift; sourceTree = "<group>"; };
/* End PBXFileReference section */

/* Begin PBXFrameworksBuildPhase section */
		551F19821E2C63CB00025E78 /* Frameworks */ = {
			isa = PBXFrameworksBuildPhase;
			buildActionMask = 2147483647;
			files = (
			);
			runOnlyForDeploymentPostprocessing = 0;
		};
/* End PBXFrameworksBuildPhase section */

/* Begin PBXGroup section */
		551F197C1E2C63CB00025E78 = {
			isa = PBXGroup;
			children = (
				551F19871E2C63CB00025E78 /* MovieSelector */,
				551F19861E2C63CB00025E78 /* Products */,
			);
			sourceTree = "<group>";
		};
		551F19861E2C63CB00025E78 /* Products */ = {
			isa = PBXGroup;
			children = (
				551F19851E2C63CB00025E78 /* MovieSelector.app */,
			);
			name = Products;
			sourceTree = "<group>";
		};
		551F19871E2C63CB00025E78 /* MovieSelector */ = {
			isa = PBXGroup;
			children = (
				551F19C41E2DBF1E00025E78 /* Overview Presentation */,
				551F19881E2C63CB00025E78 /* AppDelegate.swift */,
				551F199A1E2C64C700025E78 /* MovieTableViewController.swift */,
				551F199E1E2CA84800025E78 /* MovieCollectionViewController.swift */,
				551F19A01E2CA86C00025E78 /* MovieCollectionViewCell.swift */,
				551F199C1E2C653D00025E78 /* Movie.swift */,
				551F198C1E2C63CB00025E78 /* Main.storyboard */,
				551F198F1E2C63CB00025E78 /* Assets.xcassets */,
				551F19911E2C63CB00025E78 /* LaunchScreen.storyboard */,
				551F19941E2C63CB00025E78 /* Info.plist */,
			);
			path = MovieSelector;
			sourceTree = "<group>";
		};
		551F19C41E2DBF1E00025E78 /* Overview Presentation */ = {
			isa = PBXGroup;
			children = (
				551F19C21E2DBF1200025E78 /* MoviePresentationController.swift */,
				551F19C51E2DCA9000025E78 /* MovieTransitioner.swift */,
				551F19C71E2DE27000025E78 /* OverlayViewController.swift */,
			);
			name = "Overview Presentation";
			sourceTree = "<group>";
		};
/* End PBXGroup section */

/* Begin PBXNativeTarget section */
		551F19841E2C63CB00025E78 /* MovieSelector */ = {
			isa = PBXNativeTarget;
			buildConfigurationList = 551F19971E2C63CB00025E78 /* Build configuration list for PBXNativeTarget "MovieSelector" */;
			buildPhases = (
				551F19811E2C63CB00025E78 /* Sources */,
				551F19821E2C63CB00025E78 /* Frameworks */,
				551F19831E2C63CB00025E78 /* Resources */,
			);
			buildRules = (
			);
			dependencies = (
			);
			name = MovieSelector;
			productName = MovieSelector;
			productReference = 551F19851E2C63CB00025E78 /* MovieSelector.app */;
			productType = "com.apple.product-type.application";
		};
/* End PBXNativeTarget section */

/* Begin PBXProject section */
		551F197D1E2C63CB00025E78 /* Project object */ = {
			isa = PBXProject;
			attributes = {
				LastSwiftUpdateCheck = 0820;
				LastUpgradeCheck = 0820;
				ORGANIZATIONNAME = "Dave Rothschild";
				TargetAttributes = {
					551F19841E2C63CB00025E78 = {
						CreatedOnToolsVersion = 8.2.1;
						DevelopmentTeam = 64ZMRUDATB;
						ProvisioningStyle = Automatic;
					};
				};
			};
			buildConfigurationList = 551F19801E2C63CB00025E78 /* Build configuration list for PBXProject "MovieSelector" */;
			compatibilityVersion = "Xcode 3.2";
			developmentRegion = English;
			hasScannedForEncodings = 0;
			knownRegions = (
				en,
				Base,
			);
			mainGroup = 551F197C1E2C63CB00025E78;
			productRefGroup = 551F19861E2C63CB00025E78 /* Products */;
			projectDirPath = "";
			projectRoot = "";
			targets = (
				551F19841E2C63CB00025E78 /* MovieSelector */,
			);
		};
/* End PBXProject section */

/* Begin PBXResourcesBuildPhase section */
		551F19831E2C63CB00025E78 /* Resources */ = {
			isa = PBXResourcesBuildPhase;
			buildActionMask = 2147483647;
			files = (
				551F19931E2C63CB00025E78 /* LaunchScreen.storyboard in Resources */,
				551F19901E2C63CB00025E78 /* Assets.xcassets in Resources */,
				551F198E1E2C63CB00025E78 /* Main.storyboard in Resources */,
			);
			runOnlyForDeploymentPostprocessing = 0;
		};
/* End PBXResourcesBuildPhase section */

/* Begin PBXSourcesBuildPhase section */
		551F19811E2C63CB00025E78 /* Sources */ = {
			isa = PBXSourcesBuildPhase;
			buildActionMask = 2147483647;
			files = (
				551F199B1E2C64C700025E78 /* MovieTableViewController.swift in Sources */,
				551F199F1E2CA84800025E78 /* MovieCollectionViewController.swift in Sources */,
				551F19A11E2CA86C00025E78 /* MovieCollectionViewCell.swift in Sources */,
				551F19C61E2DCA9000025E78 /* MovieTransitioner.swift in Sources */,
				551F19891E2C63CB00025E78 /* AppDelegate.swift in Sources */,
				551F19C31E2DBF1200025E78 /* MoviePresentationController.swift in Sources */,
				551F199D1E2C653D00025E78 /* Movie.swift in Sources */,
				551F19C81E2DE27000025E78 /* OverlayViewController.swift in Sources */,
			);
			runOnlyForDeploymentPostprocessing = 0;
		};
/* End PBXSourcesBuildPhase section */

/* Begin PBXVariantGroup section */
		551F198C1E2C63CB00025E78 /* Main.storyboard */ = {
			isa = PBXVariantGroup;
			children = (
				551F198D1E2C63CB00025E78 /* Base */,
			);
			name = Main.storyboard;
			sourceTree = "<group>";
		};
		551F19911E2C63CB00025E78 /* LaunchScreen.storyboard */ = {
			isa = PBXVariantGroup;
			children = (
				551F19921E2C63CB00025E78 /* Base */,
			);
			name = LaunchScreen.storyboard;
			sourceTree = "<group>";
		};
/* End PBXVariantGroup section */

/* Begin XCBuildConfiguration section */
		551F19951E2C63CB00025E78 /* Debug */ = {
			isa = XCBuildConfiguration;
			buildSettings = {
				ALWAYS_SEARCH_USER_PATHS = NO;
				CLANG_ANALYZER_NONNULL = YES;
				CLANG_CXX_LANGUAGE_STANDARD = "gnu++0x";
				CLANG_CXX_LIBRARY = "libc++";
				CLANG_ENABLE_MODULES = YES;
				CLANG_ENABLE_OBJC_ARC = YES;
				CLANG_WARN_BOOL_CONVERSION = YES;
				CLANG_WARN_CONSTANT_CONVERSION = YES;
				CLANG_WARN_DIRECT_OBJC_ISA_USAGE = YES_ERROR;
				CLANG_WARN_DOCUMENTATION_COMMENTS = YES;
				CLANG_WARN_EMPTY_BODY = YES;
				CLANG_WARN_ENUM_CONVERSION = YES;
				CLANG_WARN_INFINITE_RECURSION = YES;
				CLANG_WARN_INT_CONVERSION = YES;
				CLANG_WARN_OBJC_ROOT_CLASS = YES_ERROR;
				CLANG_WARN_SUSPICIOUS_MOVE = YES;
				CLANG_WARN_UNREACHABLE_CODE = YES;
				CLANG_WARN__DUPLICATE_METHOD_MATCH = YES;
				"CODE_SIGN_IDENTITY[sdk=iphoneos*]" = "iPhone Developer";
				COPY_PHASE_STRIP = NO;
				DEBUG_INFORMATION_FORMAT = dwarf;
				ENABLE_STRICT_OBJC_MSGSEND = YES;
				ENABLE_TESTABILITY = YES;
				GCC_C_LANGUAGE_STANDARD = gnu99;
				GCC_DYNAMIC_NO_PIC = NO;
				GCC_NO_COMMON_BLOCKS = YES;
				GCC_OPTIMIZATION_LEVEL = 0;
				GCC_PREPROCESSOR_DEFINITIONS = (
					"DEBUG=1",
					"$(inherited)",
				);
				GCC_WARN_64_TO_32_BIT_CONVERSION = YES;
				GCC_WARN_ABOUT_RETURN_TYPE = YES_ERROR;
				GCC_WARN_UNDECLARED_SELECTOR = YES;
				GCC_WARN_UNINITIALIZED_AUTOS = YES_AGGRESSIVE;
				GCC_WARN_UNUSED_FUNCTION = YES;
				GCC_WARN_UNUSED_VARIABLE = YES;
				IPHONEOS_DEPLOYMENT_TARGET = 10.2;
				MTL_ENABLE_DEBUG_INFO = YES;
				ONLY_ACTIVE_ARCH = YES;
				SDKROOT = iphoneos;
				SWIFT_ACTIVE_COMPILATION_CONDITIONS = DEBUG;
				SWIFT_OPTIMIZATION_LEVEL = "-Onone";
			};
			name = Debug;
		};
		551F19961E2C63CB00025E78 /* Release */ = {
			isa = XCBuildConfiguration;
			buildSettings = {
				ALWAYS_SEARCH_USER_PATHS = NO;
				CLANG_ANALYZER_NONNULL = YES;
				CLANG_CXX_LANGUAGE_STANDARD = "gnu++0x";
				CLANG_CXX_LIBRARY = "libc++";
				CLANG_ENABLE_MODULES = YES;
				CLANG_ENABLE_OBJC_ARC = YES;
				CLANG_WARN_BOOL_CONVERSION = YES;
				CLANG_WARN_CONSTANT_CONVERSION = YES;
				CLANG_WARN_DIRECT_OBJC_ISA_USAGE = YES_ERROR;
				CLANG_WARN_DOCUMENTATION_COMMENTS = YES;
				CLANG_WARN_EMPTY_BODY = YES;
				CLANG_WARN_ENUM_CONVERSION = YES;
				CLANG_WARN_INFINITE_RECURSION = YES;
				CLANG_WARN_INT_CONVERSION = YES;
				CLANG_WARN_OBJC_ROOT_CLASS = YES_ERROR;
				CLANG_WARN_SUSPICIOUS_MOVE = YES;
				CLANG_WARN_UNREACHABLE_CODE = YES;
				CLANG_WARN__DUPLICATE_METHOD_MATCH = YES;
				"CODE_SIGN_IDENTITY[sdk=iphoneos*]" = "iPhone Developer";
				COPY_PHASE_STRIP = NO;
				DEBUG_INFORMATION_FORMAT = "dwarf-with-dsym";
				ENABLE_NS_ASSERTIONS = NO;
				ENABLE_STRICT_OBJC_MSGSEND = YES;
				GCC_C_LANGUAGE_STANDARD = gnu99;
				GCC_NO_COMMON_BLOCKS = YES;
				GCC_WARN_64_TO_32_BIT_CONVERSION = YES;
				GCC_WARN_ABOUT_RETURN_TYPE = YES_ERROR;
				GCC_WARN_UNDECLARED_SELECTOR = YES;
				GCC_WARN_UNINITIALIZED_AUTOS = YES_AGGRESSIVE;
				GCC_WARN_UNUSED_FUNCTION = YES;
				GCC_WARN_UNUSED_VARIABLE = YES;
				IPHONEOS_DEPLOYMENT_TARGET = 10.2;
				MTL_ENABLE_DEBUG_INFO = NO;
				SDKROOT = iphoneos;
				SWIFT_OPTIMIZATION_LEVEL = "-Owholemodule";
				VALIDATE_PRODUCT = YES;
			};
			name = Release;
		};
		551F19981E2C63CB00025E78 /* Debug */ = {
			isa = XCBuildConfiguration;
			buildSettings = {
				ASSETCATALOG_COMPILER_APPICON_NAME = AppIcon;
				DEVELOPMENT_TEAM = 64ZMRUDATB;
				INFOPLIST_FILE = MovieSelector/Info.plist;
				LD_RUNPATH_SEARCH_PATHS = "$(inherited) @executable_path/Frameworks";
				PRODUCT_BUNDLE_IDENTIFIER = com.daverothschild.MovieSelector;
				PRODUCT_NAME = "$(TARGET_NAME)";
				SWIFT_VERSION = 3.0;
			};
			name = Debug;
		};
		551F19991E2C63CB00025E78 /* Release */ = {
			isa = XCBuildConfiguration;
			buildSettings = {
				ASSETCATALOG_COMPILER_APPICON_NAME = AppIcon;
				DEVELOPMENT_TEAM = 64ZMRUDATB;
				INFOPLIST_FILE = MovieSelector/Info.plist;
				LD_RUNPATH_SEARCH_PATHS = "$(inherited) @executable_path/Frameworks";
				PRODUCT_BUNDLE_IDENTIFIER = com.daverothschild.MovieSelector;
				PRODUCT_NAME = "$(TARGET_NAME)";
				SWIFT_VERSION = 3.0;
			};
			name = Release;
		};
/* End XCBuildConfiguration section */

/* Begin XCConfigurationList section */
		551F19801E2C63CB00025E78 /* Build configuration list for PBXProject "MovieSelector" */ = {
			isa = XCConfigurationList;
			buildConfigurations = (
				551F19951E2C63CB00025E78 /* Debug */,
				551F19961E2C63CB00025E78 /* Release */,
			);
			defaultConfigurationIsVisible = 0;
			defaultConfigurationName = Release;
		};
		551F19971E2C63CB00025E78 /* Build configuration list for PBXNativeTarget "MovieSelector" */ = {
			isa = XCConfigurationList;
			buildConfigurations = (
				551F19981E2C63CB00025E78 /* Debug */,
				551F19991E2C63CB00025E78 /* Release */,
			);
			defaultConfigurationIsVisible = 0;
		};
/* End XCConfigurationList section */
	};
	rootObject = 551F197D1E2C63CB00025E78 /* Project object */;
}
